# THIS IS AN AUTOGENERATED FILE. DO NOT EDIT THIS FILE DIRECTLY.
# yarn lockfile v1


"@babel/runtime@^7.5.5", "@babel/runtime@^7.8.7", "@babel/runtime@^7.9.2":
  version "7.27.0"
  resolved "https://registry.yarnpkg.com/@babel/runtime/-/runtime-7.27.0.tgz#fbee7cf97c709518ecc1f590984481d5460d4762"
  integrity sha512-VtPOkrdPHZsKc/clNqyi9WUA8TINkZ4cGk63UUE3u4pmB2k+ZMQRDuIOagv8UVd6j7k0T3+RRIb7beKTebNbcw==
  dependencies:
    regenerator-runtime "^0.14.0"

"@clayui/button@^3.128.0":
  version "3.128.0"
  resolved "https://registry.yarnpkg.com/@clayui/button/-/button-3.128.0.tgz#4f6471380bfe4ab4c53b4431e07bdf74c71d2975"
  integrity sha512-kJ6N3hll8OPtW6kEGW3PFpGgyPrzKw8GxNlOeBgqT95XAGiM3mdTNYuLfqK/8bXS0Nds+s2WJhATFH5oQBqQXg==
  dependencies:
    "@clayui/icon" "^3.128.0"
    classnames "^2.2.6"
    warning "^4.0.3"

"@clayui/core@^3.127.0":
  version "3.133.0"
  resolved "https://registry.yarnpkg.com/@clayui/core/-/core-3.133.0.tgz#d220e7a7359c058408b7f93742c86ec5c1d1208c"
  integrity sha512-xcopshe5Is8YfQsz7tfDC8ODQCsM6VgQLSPO6UTLgcCT5zRK0x72/E3jmgBs7GyHk0j90QG9jYcz1Jyd+Q5dgw==
  dependencies:
    "@clayui/button" "^3.128.0"
    "@clayui/data-provider" "^3.132.0"
    "@clayui/form" "^3.132.0"
    "@clayui/icon" "^3.128.0"
    "@clayui/label" "^3.128.0"
    "@clayui/layout" "^3.128.0"
    "@clayui/link" "^3.128.0"
    "@clayui/loading-indicator" "^3.128.0"
    "@clayui/modal" "^3.132.0"
    "@clayui/provider" "^3.128.0"
    "@clayui/shared" "^3.132.0"
    "@clayui/table" "^3.111.0"
    "@tanstack/react-virtual" "3.0.0-beta.54"
    aria-hidden "^1.2.2"
    classnames "^2.2.6"
    fuzzy "^0.1.3"
    react-dnd "^11.1.1"
    react-dnd-html5-backend "^11.1.1"
    react-transition-group "^4.4.1"
    warning "^4.0.3"

"@clayui/css@^3.127.0":
  version "3.133.0"
  resolved "https://registry.yarnpkg.com/@clayui/css/-/css-3.133.0.tgz#3c520443322de50f1a444e7d596687a7a91624a9"
  integrity sha512-XldS6JK7WDCJlIEjp+92zLxDJvkb7NNx6YG0CSLceqPsYqmnG5tcOreTTs3XLtRrDu5uaX2NitqghY7GYeEkrg==

"@clayui/data-provider@^3.132.0":
  version "3.132.0"
  resolved "https://registry.yarnpkg.com/@clayui/data-provider/-/data-provider-3.132.0.tgz#d3fb9c5dfd4ec4f0c3e3ef1d03a9aa057531e2e7"
  integrity sha512-uCOzC66QU8Wszgk4ihoc/iGdFlhWIIDrSTHHZoc1E6MGCj5K7ULaRYBdNgrhpWxrKaxd5MuULDYQBXVqseKGww==
  dependencies:
    "@clayui/provider" "^3.128.0"
    "@clayui/shared" "^3.132.0"
    fast-json-stable-stringify "^2.1.0"
    warning "^4.0.3"

"@clayui/form@^3.125.0", "@clayui/form@^3.132.0":
  version "3.132.0"
  resolved "https://registry.yarnpkg.com/@clayui/form/-/form-3.132.0.tgz#4c124f668653d604203b59d47b72a380e4642f3d"
  integrity sha512-bDwJE1hpg8UOrHgt03YPVo0cZbyhCPdq9YUm+8hZJNgrgQp+FPOAfVRwmsRUYQLriPP74hM4+MkLXN2oyf9DWg==
  dependencies:
    "@clayui/button" "^3.128.0"
    "@clayui/icon" "^3.128.0"
    "@clayui/shared" "^3.132.0"
    classnames "^2.2.6"

"@clayui/icon@^3.128.0":
  version "3.128.0"
  resolved "https://registry.yarnpkg.com/@clayui/icon/-/icon-3.128.0.tgz#c8cf33fd1bfdce1c4db4ddb24e774d7da77c2da5"
  integrity sha512-2I5NY2hq7EMxTDBKaA+q65y71JbTsWi4Ith2P8ufE/SSRBFVej34rwjZ6CZT03w2+dSy1ODOSTunhnvCPYBIuQ==
  dependencies:
    classnames "^2.2.6"
    warning "^4.0.3"

"@clayui/label@^3.128.0":
  version "3.128.0"
  resolved "https://registry.yarnpkg.com/@clayui/label/-/label-3.128.0.tgz#051b62b32a9fffbc62bc1d5666e280fb5f15597d"
  integrity sha512-ahqADi2TjE1pxg1kRuFRkeEEWbqHSkG6tgrRV5kAu68bu6JTO48hz9VMgvTrHiQWieG4LCNhc3qQIugsVVHIbg==
  dependencies:
    "@clayui/icon" "^3.128.0"
    "@clayui/link" "^3.128.0"
    classnames "^2.2.6"

"@clayui/layout@^3.128.0":
  version "3.128.0"
  resolved "https://registry.yarnpkg.com/@clayui/layout/-/layout-3.128.0.tgz#c5edbc50e7e7d942240621453102343719c01f21"
  integrity sha512-+Vw8DecIkh+pIBP1sLeKx6X5AGMhWJECSeRDWwDuXvEUaIDcXw2nvVRFkqMISvNML83lfw4CYJsyxuzWR5tI5w==
  dependencies:
    classnames "^2.2.6"
    warning "^4.0.3"

"@clayui/link@^3.128.0":
  version "3.128.0"
  resolved "https://registry.yarnpkg.com/@clayui/link/-/link-3.128.0.tgz#5abeb68794d24a3c5209e4fbfacbd91da809a4a3"
  integrity sha512-FsxLp2odTHBwXiRMOtfzqXn8lLpb47rRaje75RwpKsWGnxXHAPJ88zfS+RxPoUbXcf7TKz2sNYbWnsaiTzQCxA==
  dependencies:
    classnames "^2.2.6"

"@clayui/loading-indicator@^3.128.0":
  version "3.128.0"
  resolved "https://registry.yarnpkg.com/@clayui/loading-indicator/-/loading-indicator-3.128.0.tgz#f4e8c0cf90aa3398c87a6c6388319ca29f82406b"
  integrity sha512-FmDSPwB5gVcWgKLwaOM2dK1NNWu9BAiZm5OMjemZ4ohTHitWroQXtjiegY1/76bfX+Z2jRa+VW8jr3RQGH0eRQ==
  dependencies:
    classnames "^2.2.6"

"@clayui/modal@^3.132.0":
  version "3.132.0"
  resolved "https://registry.yarnpkg.com/@clayui/modal/-/modal-3.132.0.tgz#ef130c848caf1820662ad1042495c101e1ccef6f"
  integrity sha512-aQ4AnNW1rvZ9EN1l9NmnhWpoVNm3mvPzJH58nrXu7HcEc4f0ERMEM9A771hcYPFQoCFhE8q/1zjxF72U569E4Q==
  dependencies:
    "@clayui/button" "^3.128.0"
    "@clayui/icon" "^3.128.0"
    "@clayui/shared" "^3.132.0"
    aria-hidden "^1.2.2"
    classnames "^2.2.6"
    warning "^4.0.3"

"@clayui/panel@^3.119.0":
  version "3.132.0"
  resolved "https://registry.yarnpkg.com/@clayui/panel/-/panel-3.132.0.tgz#ffbd03792ed44a7877b59f745d0e7aea848e955b"
  integrity sha512-iIAMq2HEIh1vhpiP3EZi6u61B7mdN7WnDt3iFFzNeNBnyJp97VagKm0Haib1OOalb/oi/Po4QmRxJ4LVnwU6Uw==
  dependencies:
    "@clayui/button" "^3.128.0"
    "@clayui/icon" "^3.128.0"
    "@clayui/provider" "^3.128.0"
    "@clayui/shared" "^3.132.0"
    classnames "^2.2.6"
    react-transition-group "^4.4.1"

"@clayui/provider@^3.128.0":
  version "3.128.0"
  resolved "https://registry.yarnpkg.com/@clayui/provider/-/provider-3.128.0.tgz#09bd671da82935f90df4f0a8b37f63a6f7ebcc56"
  integrity sha512-fF8Au1v1bD2s1pewRXoY0XJ5rgtQtslBzQqZfp+vBCIzP0btUiUvlttFANALzPWHcbi9MOdI6DR/l/58/ejyDA==
  dependencies:
    "@clayui/icon" "^3.128.0"

"@clayui/shared@^3.132.0":
  version "3.132.0"
  resolved "https://registry.yarnpkg.com/@clayui/shared/-/shared-3.132.0.tgz#63fb95e275127d332c1ed9cf316b49d681cce781"
  integrity sha512-fBneA70/v43PwvRrc4+MJrlzzVwejO5O5zZsCNy+LsS+hqUJufQ1B4S8Z1H6bhXfD5wiIBfBmWpGc/q3wUt10w==
  dependencies:
    "@clayui/button" "^3.128.0"
    "@clayui/link" "^3.128.0"
    "@clayui/provider" "^3.128.0"
    aria-hidden "^1.2.2"
    classnames "^2.2.6"
    dom-align "^1.12.2"
    warning "^4.0.3"

"@clayui/slider@^3.132.0":
  version "3.132.0"
  resolved "https://registry.yarnpkg.com/@clayui/slider/-/slider-3.132.0.tgz#0bb68ff709ca59dc0647b5443328b6702cc52d44"
  integrity sha512-nHhmgKpvaC2dGkj5scWgnTA+esvx3nk2ZxK2aq/Du7WcfjyoUGeQQKpvFL46NkQPuSw5LwoPP/w+GShJgWqPgg==
  dependencies:
    "@clayui/shared" "^3.132.0"
    classnames "^2.2.6"

"@clayui/table@^3.111.0":
  version "3.111.0"
  resolved "https://registry.yarnpkg.com/@clayui/table/-/table-3.111.0.tgz#50a0ece07a3ce40ffb0265d8585ff0792299cafe"
  integrity sha512-x7cJiGCkr9aoy1eHb84IQ2mtBQSBDe6L08+NlANhY7MNeGkY+Pa1CIdwVPeIQO2aBKDFQDXiprhqjZFbzpk8OA==
  dependencies:
    classnames "^2.2.6"

"@esbuild/aix-ppc64@0.25.2":
  version "0.25.2"
  resolved "https://registry.yarnpkg.com/@esbuild/aix-ppc64/-/aix-ppc64-0.25.2.tgz#b87036f644f572efb2b3c75746c97d1d2d87ace8"
  integrity sha512-wCIboOL2yXZym2cgm6mlA742s9QeJ8DjGVaL39dLN4rRwrOgOyYSnOaFPhKZGLb2ngj4EyfAFjsNJwPXZvseag==

"@esbuild/android-arm64@0.25.2":
  version "0.25.2"
  resolved "https://registry.yarnpkg.com/@esbuild/android-arm64/-/android-arm64-0.25.2.tgz#5ca7dc20a18f18960ad8d5e6ef5cf7b0a256e196"
  integrity sha512-5ZAX5xOmTligeBaeNEPnPaeEuah53Id2tX4c2CVP3JaROTH+j4fnfHCkr1PjXMd78hMst+TlkfKcW/DlTq0i4w==

"@esbuild/android-arm@0.25.2":
  version "0.25.2"
  resolved "https://registry.yarnpkg.com/@esbuild/android-arm/-/android-arm-0.25.2.tgz#3c49f607b7082cde70c6ce0c011c362c57a194ee"
  integrity sha512-NQhH7jFstVY5x8CKbcfa166GoV0EFkaPkCKBQkdPJFvo5u+nGXLEH/ooniLb3QI8Fk58YAx7nsPLozUWfCBOJA==

"@esbuild/android-x64@0.25.2":
  version "0.25.2"
  resolved "https://registry.yarnpkg.com/@esbuild/android-x64/-/android-x64-0.25.2.tgz#8a00147780016aff59e04f1036e7cb1b683859e2"
  integrity sha512-Ffcx+nnma8Sge4jzddPHCZVRvIfQ0kMsUsCMcJRHkGJ1cDmhe4SsrYIjLUKn1xpHZybmOqCWwB0zQvsjdEHtkg==

"@esbuild/darwin-arm64@0.25.2":
  version "0.25.2"
  resolved "https://registry.yarnpkg.com/@esbuild/darwin-arm64/-/darwin-arm64-0.25.2.tgz#486efe7599a8d90a27780f2bb0318d9a85c6c423"
  integrity sha512-MpM6LUVTXAzOvN4KbjzU/q5smzryuoNjlriAIx+06RpecwCkL9JpenNzpKd2YMzLJFOdPqBpuub6eVRP5IgiSA==

"@esbuild/darwin-x64@0.25.2":
  version "0.25.2"
  resolved "https://registry.yarnpkg.com/@esbuild/darwin-x64/-/darwin-x64-0.25.2.tgz#95ee222aacf668c7a4f3d7ee87b3240a51baf374"
  integrity sha512-5eRPrTX7wFyuWe8FqEFPG2cU0+butQQVNcT4sVipqjLYQjjh8a8+vUTfgBKM88ObB85ahsnTwF7PSIt6PG+QkA==

"@esbuild/freebsd-arm64@0.25.2":
  version "0.25.2"
  resolved "https://registry.yarnpkg.com/@esbuild/freebsd-arm64/-/freebsd-arm64-0.25.2.tgz#67efceda8554b6fc6a43476feba068fb37fa2ef6"
  integrity sha512-mLwm4vXKiQ2UTSX4+ImyiPdiHjiZhIaE9QvC7sw0tZ6HoNMjYAqQpGyui5VRIi5sGd+uWq940gdCbY3VLvsO1w==

"@esbuild/freebsd-x64@0.25.2":
  version "0.25.2"
  resolved "https://registry.yarnpkg.com/@esbuild/freebsd-x64/-/freebsd-x64-0.25.2.tgz#88a9d7ecdd3adadbfe5227c2122d24816959b809"
  integrity sha512-6qyyn6TjayJSwGpm8J9QYYGQcRgc90nmfdUb0O7pp1s4lTY+9D0H9O02v5JqGApUyiHOtkz6+1hZNvNtEhbwRQ==

"@esbuild/linux-arm64@0.25.2":
  version "0.25.2"
  resolved "https://registry.yarnpkg.com/@esbuild/linux-arm64/-/linux-arm64-0.25.2.tgz#87be1099b2bbe61282333b084737d46bc8308058"
  integrity sha512-gq/sjLsOyMT19I8obBISvhoYiZIAaGF8JpeXu1u8yPv8BE5HlWYobmlsfijFIZ9hIVGYkbdFhEqC0NvM4kNO0g==

"@esbuild/linux-arm@0.25.2":
  version "0.25.2"
  resolved "https://registry.yarnpkg.com/@esbuild/linux-arm/-/linux-arm-0.25.2.tgz#72a285b0fe64496e191fcad222185d7bf9f816f6"
  integrity sha512-UHBRgJcmjJv5oeQF8EpTRZs/1knq6loLxTsjc3nxO9eXAPDLcWW55flrMVc97qFPbmZP31ta1AZVUKQzKTzb0g==

"@esbuild/linux-ia32@0.25.2":
  version "0.25.2"
  resolved "https://registry.yarnpkg.com/@esbuild/linux-ia32/-/linux-ia32-0.25.2.tgz#337a87a4c4dd48a832baed5cbb022be20809d737"
  integrity sha512-bBYCv9obgW2cBP+2ZWfjYTU+f5cxRoGGQ5SeDbYdFCAZpYWrfjjfYwvUpP8MlKbP0nwZ5gyOU/0aUzZ5HWPuvQ==

"@esbuild/linux-loong64@0.25.2":
  version "0.25.2"
  resolved "https://registry.yarnpkg.com/@esbuild/linux-loong64/-/linux-loong64-0.25.2.tgz#1b81aa77103d6b8a8cfa7c094ed3d25c7579ba2a"
  integrity sha512-SHNGiKtvnU2dBlM5D8CXRFdd+6etgZ9dXfaPCeJtz+37PIUlixvlIhI23L5khKXs3DIzAn9V8v+qb1TRKrgT5w==

"@esbuild/linux-mips64el@0.25.2":
  version "0.25.2"
  resolved "https://registry.yarnpkg.com/@esbuild/linux-mips64el/-/linux-mips64el-0.25.2.tgz#afbe380b6992e7459bf7c2c3b9556633b2e47f30"
  integrity sha512-hDDRlzE6rPeoj+5fsADqdUZl1OzqDYow4TB4Y/3PlKBD0ph1e6uPHzIQcv2Z65u2K0kpeByIyAjCmjn1hJgG0Q==

"@esbuild/linux-ppc64@0.25.2":
  version "0.25.2"
  resolved "https://registry.yarnpkg.com/@esbuild/linux-ppc64/-/linux-ppc64-0.25.2.tgz#6bf8695cab8a2b135cca1aa555226dc932d52067"
  integrity sha512-tsHu2RRSWzipmUi9UBDEzc0nLc4HtpZEI5Ba+Omms5456x5WaNuiG3u7xh5AO6sipnJ9r4cRWQB2tUjPyIkc6g==

"@esbuild/linux-riscv64@0.25.2":
  version "0.25.2"
  resolved "https://registry.yarnpkg.com/@esbuild/linux-riscv64/-/linux-riscv64-0.25.2.tgz#43c2d67a1a39199fb06ba978aebb44992d7becc3"
  integrity sha512-k4LtpgV7NJQOml/10uPU0s4SAXGnowi5qBSjaLWMojNCUICNu7TshqHLAEbkBdAszL5TabfvQ48kK84hyFzjnw==

"@esbuild/linux-s390x@0.25.2":
  version "0.25.2"
  resolved "https://registry.yarnpkg.com/@esbuild/linux-s390x/-/linux-s390x-0.25.2.tgz#419e25737ec815c6dce2cd20d026e347cbb7a602"
  integrity sha512-GRa4IshOdvKY7M/rDpRR3gkiTNp34M0eLTaC1a08gNrh4u488aPhuZOCpkF6+2wl3zAN7L7XIpOFBhnaE3/Q8Q==

"@esbuild/linux-x64@0.25.2":
  version "0.25.2"
  resolved "https://registry.yarnpkg.com/@esbuild/linux-x64/-/linux-x64-0.25.2.tgz#22451f6edbba84abe754a8cbd8528ff6e28d9bcb"
  integrity sha512-QInHERlqpTTZ4FRB0fROQWXcYRD64lAoiegezDunLpalZMjcUcld3YzZmVJ2H/Cp0wJRZ8Xtjtj0cEHhYc/uUg==

"@esbuild/netbsd-arm64@0.25.2":
  version "0.25.2"
  resolved "https://registry.yarnpkg.com/@esbuild/netbsd-arm64/-/netbsd-arm64-0.25.2.tgz#744affd3b8d8236b08c5210d828b0698a62c58ac"
  integrity sha512-talAIBoY5M8vHc6EeI2WW9d/CkiO9MQJ0IOWX8hrLhxGbro/vBXJvaQXefW2cP0z0nQVTdQ/eNyGFV1GSKrxfw==

"@esbuild/netbsd-x64@0.25.2":
  version "0.25.2"
  resolved "https://registry.yarnpkg.com/@esbuild/netbsd-x64/-/netbsd-x64-0.25.2.tgz#dbbe7521fd6d7352f34328d676af923fc0f8a78f"
  integrity sha512-voZT9Z+tpOxrvfKFyfDYPc4DO4rk06qamv1a/fkuzHpiVBMOhpjK+vBmWM8J1eiB3OLSMFYNaOaBNLXGChf5tg==

"@esbuild/openbsd-arm64@0.25.2":
  version "0.25.2"
  resolved "https://registry.yarnpkg.com/@esbuild/openbsd-arm64/-/openbsd-arm64-0.25.2.tgz#f9caf987e3e0570500832b487ce3039ca648ce9f"
  integrity sha512-dcXYOC6NXOqcykeDlwId9kB6OkPUxOEqU+rkrYVqJbK2hagWOMrsTGsMr8+rW02M+d5Op5NNlgMmjzecaRf7Tg==

"@esbuild/openbsd-x64@0.25.2":
  version "0.25.2"
  resolved "https://registry.yarnpkg.com/@esbuild/openbsd-x64/-/openbsd-x64-0.25.2.tgz#d2bb6a0f8ffea7b394bb43dfccbb07cabd89f768"
  integrity sha512-t/TkWwahkH0Tsgoq1Ju7QfgGhArkGLkF1uYz8nQS/PPFlXbP5YgRpqQR3ARRiC2iXoLTWFxc6DJMSK10dVXluw==

"@esbuild/sunos-x64@0.25.2":
  version "0.25.2"
  resolved "https://registry.yarnpkg.com/@esbuild/sunos-x64/-/sunos-x64-0.25.2.tgz#49b437ed63fe333b92137b7a0c65a65852031afb"
  integrity sha512-cfZH1co2+imVdWCjd+D1gf9NjkchVhhdpgb1q5y6Hcv9TP6Zi9ZG/beI3ig8TvwT9lH9dlxLq5MQBBgwuj4xvA==

"@esbuild/win32-arm64@0.25.2":
  version "0.25.2"
  resolved "https://registry.yarnpkg.com/@esbuild/win32-arm64/-/win32-arm64-0.25.2.tgz#081424168463c7d6c7fb78f631aede0c104373cf"
  integrity sha512-7Loyjh+D/Nx/sOTzV8vfbB3GJuHdOQyrOryFdZvPHLf42Tk9ivBU5Aedi7iyX+x6rbn2Mh68T4qq1SDqJBQO5Q==

"@esbuild/win32-ia32@0.25.2":
  version "0.25.2"
  resolved "https://registry.yarnpkg.com/@esbuild/win32-ia32/-/win32-ia32-0.25.2.tgz#3f9e87143ddd003133d21384944a6c6cadf9693f"
  integrity sha512-WRJgsz9un0nqZJ4MfhabxaD9Ft8KioqU3JMinOTvobbX6MOSUigSBlogP8QB3uxpJDsFS6yN+3FDBdqE5lg9kg==

"@esbuild/win32-x64@0.25.2":
  version "0.25.2"
  resolved "https://registry.yarnpkg.com/@esbuild/win32-x64/-/win32-x64-0.25.2.tgz#839f72c2decd378f86b8f525e1979a97b920c67d"
  integrity sha512-kM3HKb16VIXZyIeVrM1ygYmZBKybX8N4p754bw390wGO3Tf2j4L2/WYL+4suWujpgf6GBYs3jv7TyUivdd05JA==

"@react-dnd/asap@^4.0.0":
  version "4.0.1"
  resolved "https://registry.yarnpkg.com/@react-dnd/asap/-/asap-4.0.1.tgz#5291850a6b58ce6f2da25352a64f1b0674871aab"
  integrity sha512-kLy0PJDDwvwwTXxqTFNAAllPHD73AycE9ypWeln/IguoGBEbvFcPDbCV03G52bEcC5E+YgupBE0VzHGdC8SIXg==

"@react-dnd/invariant@^2.0.0":
  version "2.0.0"
  resolved "https://registry.yarnpkg.com/@react-dnd/invariant/-/invariant-2.0.0.tgz#09d2e81cd39e0e767d7da62df9325860f24e517e"
  integrity sha512-xL4RCQBCBDJ+GRwKTFhGUW8GXa4yoDfJrPbLblc3U09ciS+9ZJXJ3Qrcs/x2IODOdIE5kQxvMmE2UKyqUictUw==

"@react-dnd/shallowequal@^2.0.0":
  version "2.0.0"
  resolved "https://registry.yarnpkg.com/@react-dnd/shallowequal/-/shallowequal-2.0.0.tgz#a3031eb54129f2c66b2753f8404266ec7bf67f0a"
  integrity sha512-Pc/AFTdwZwEKJxFJvlxrSmGe/di+aAOBn60sremrpLo6VI/6cmiUYNNwlI5KNYttg7uypzA3ILPMPgxB2GYZEg==

"@rollup/rollup-android-arm-eabi@4.38.0":
  version "4.38.0"
  resolved "https://registry.yarnpkg.com/@rollup/rollup-android-arm-eabi/-/rollup-android-arm-eabi-4.38.0.tgz#6ba67cc0f3a2d7e3a208256a349c2cb2798f57be"
  integrity sha512-ldomqc4/jDZu/xpYU+aRxo3V4mGCV9HeTgUBANI3oIQMOL+SsxB+S2lxMpkFp5UamSS3XuTMQVbsS24R4J4Qjg==

"@rollup/rollup-android-arm64@4.38.0":
  version "4.38.0"
  resolved "https://registry.yarnpkg.com/@rollup/rollup-android-arm64/-/rollup-android-arm64-4.38.0.tgz#c8806f88fd6727d3cf144c4ffb00f40d451b6618"
  integrity sha512-VUsgcy4GhhT7rokwzYQP+aV9XnSLkkhlEJ0St8pbasuWO/vwphhZQxYEKUP3ayeCYLhk6gEtacRpYP/cj3GjyQ==

"@rollup/rollup-darwin-arm64@4.38.0":
  version "4.38.0"
  resolved "https://registry.yarnpkg.com/@rollup/rollup-darwin-arm64/-/rollup-darwin-arm64-4.38.0.tgz#c4654989b97bba0de7205cf5b3342984d4451d5a"
  integrity sha512-buA17AYXlW9Rn091sWMq1xGUvWQFOH4N1rqUxGJtEQzhChxWjldGCCup7r/wUnaI6Au8sKXpoh0xg58a7cgcpg==

"@rollup/rollup-darwin-x64@4.38.0":
  version "4.38.0"
  resolved "https://registry.yarnpkg.com/@rollup/rollup-darwin-x64/-/rollup-darwin-x64-4.38.0.tgz#77ee357aeeefe3fe8bee33df18c240e391450476"
  integrity sha512-Mgcmc78AjunP1SKXl624vVBOF2bzwNWFPMP4fpOu05vS0amnLcX8gHIge7q/lDAHy3T2HeR0TqrriZDQS2Woeg==

"@rollup/rollup-freebsd-arm64@4.38.0":
  version "4.38.0"
  resolved "https://registry.yarnpkg.com/@rollup/rollup-freebsd-arm64/-/rollup-freebsd-arm64-4.38.0.tgz#ac8028c99221d1cef22788adda465077d5926911"
  integrity sha512-zzJACgjLbQTsscxWqvrEQAEh28hqhebpRz5q/uUd1T7VTwUNZ4VIXQt5hE7ncs0GrF+s7d3S4on4TiXUY8KoQA==

"@rollup/rollup-freebsd-x64@4.38.0":
  version "4.38.0"
  resolved "https://registry.yarnpkg.com/@rollup/rollup-freebsd-x64/-/rollup-freebsd-x64-4.38.0.tgz#64376ff0e1541cd8677e74898782ec4935277e02"
  integrity sha512-hCY/KAeYMCyDpEE4pTETam0XZS4/5GXzlLgpi5f0IaPExw9kuB+PDTOTLuPtM10TlRG0U9OSmXJ+Wq9J39LvAg==

"@rollup/rollup-linux-arm-gnueabihf@4.38.0":
  version "4.38.0"
  resolved "https://registry.yarnpkg.com/@rollup/rollup-linux-arm-gnueabihf/-/rollup-linux-arm-gnueabihf-4.38.0.tgz#7de1584c09adcac08f90d1e500c679c428b6eb36"
  integrity sha512-mimPH43mHl4JdOTD7bUMFhBdrg6f9HzMTOEnzRmXbOZqjijCw8LA5z8uL6LCjxSa67H2xiLFvvO67PT05PRKGg==

"@rollup/rollup-linux-arm-musleabihf@4.38.0":
  version "4.38.0"
  resolved "https://registry.yarnpkg.com/@rollup/rollup-linux-arm-musleabihf/-/rollup-linux-arm-musleabihf-4.38.0.tgz#1d5d0f28d93cdc37d60c381c6bbe649bed4960d5"
  integrity sha512-tPiJtiOoNuIH8XGG8sWoMMkAMm98PUwlriOFCCbZGc9WCax+GLeVRhmaxjJtz6WxrPKACgrwoZ5ia/uapq3ZVg==

"@rollup/rollup-linux-arm64-gnu@4.38.0":
  version "4.38.0"
  resolved "https://registry.yarnpkg.com/@rollup/rollup-linux-arm64-gnu/-/rollup-linux-arm64-gnu-4.38.0.tgz#a97f73a43a374e44bef4a9ed84899c26454831ea"
  integrity sha512-wZco59rIVuB0tjQS0CSHTTUcEde+pXQWugZVxWaQFdQQ1VYub/sTrNdY76D1MKdN2NB48JDuGABP6o6fqos8mA==

"@rollup/rollup-linux-arm64-musl@4.38.0":
  version "4.38.0"
  resolved "https://registry.yarnpkg.com/@rollup/rollup-linux-arm64-musl/-/rollup-linux-arm64-musl-4.38.0.tgz#00e3b646a7976752052ebc72d005808b9e7f2801"
  integrity sha512-fQgqwKmW0REM4LomQ+87PP8w8xvU9LZfeLBKybeli+0yHT7VKILINzFEuggvnV9M3x1Ed4gUBmGUzCo/ikmFbQ==

"@rollup/rollup-linux-loongarch64-gnu@4.38.0":
  version "4.38.0"
  resolved "https://registry.yarnpkg.com/@rollup/rollup-linux-loongarch64-gnu/-/rollup-linux-loongarch64-gnu-4.38.0.tgz#0d6dcaa3671cf987faace4b34ab7320ee3c18b65"
  integrity sha512-hz5oqQLXTB3SbXpfkKHKXLdIp02/w3M+ajp8p4yWOWwQRtHWiEOCKtc9U+YXahrwdk+3qHdFMDWR5k+4dIlddg==

"@rollup/rollup-linux-powerpc64le-gnu@4.38.0":
  version "4.38.0"
  resolved "https://registry.yarnpkg.com/@rollup/rollup-linux-powerpc64le-gnu/-/rollup-linux-powerpc64le-gnu-4.38.0.tgz#54c2d7a4d86767001475f0157c408fd042f7fd8f"
  integrity sha512-NXqygK/dTSibQ+0pzxsL3r4Xl8oPqVoWbZV9niqOnIHV/J92fe65pOir0xjkUZDRSPyFRvu+4YOpJF9BZHQImw==

"@rollup/rollup-linux-riscv64-gnu@4.38.0":
  version "4.38.0"
  resolved "https://registry.yarnpkg.com/@rollup/rollup-linux-riscv64-gnu/-/rollup-linux-riscv64-gnu-4.38.0.tgz#8cb565417b29851a0c549614898bdab689f23187"
  integrity sha512-GEAIabR1uFyvf/jW/5jfu8gjM06/4kZ1W+j1nWTSSB3w6moZEBm7iBtzwQ3a1Pxos2F7Gz+58aVEnZHU295QTg==

"@rollup/rollup-linux-riscv64-musl@4.38.0":
  version "4.38.0"
  resolved "https://registry.yarnpkg.com/@rollup/rollup-linux-riscv64-musl/-/rollup-linux-riscv64-musl-4.38.0.tgz#8bc00b75fd07b15c35a54b41a5f052c01dbf925b"
  integrity sha512-9EYTX+Gus2EGPbfs+fh7l95wVADtSQyYw4DfSBcYdUEAmP2lqSZY0Y17yX/3m5VKGGJ4UmIH5LHLkMJft3bYoA==

"@rollup/rollup-linux-s390x-gnu@4.38.0":
  version "4.38.0"
  resolved "https://registry.yarnpkg.com/@rollup/rollup-linux-s390x-gnu/-/rollup-linux-s390x-gnu-4.38.0.tgz#1fe4a88b97e36d64dbf1f01cfa7842d269a094cf"
  integrity sha512-Mpp6+Z5VhB9VDk7RwZXoG2qMdERm3Jw07RNlXHE0bOnEeX+l7Fy4bg+NxfyN15ruuY3/7Vrbpm75J9QHFqj5+Q==

"@rollup/rollup-linux-x64-gnu@4.38.0":
  version "4.38.0"
  resolved "https://registry.yarnpkg.com/@rollup/rollup-linux-x64-gnu/-/rollup-linux-x64-gnu-4.38.0.tgz#11c32c463e68a86e279cda090a9405a7558f9406"
  integrity sha512-vPvNgFlZRAgO7rwncMeE0+8c4Hmc+qixnp00/Uv3ht2x7KYrJ6ERVd3/R0nUtlE6/hu7/HiiNHJ/rP6knRFt1w==

"@rollup/rollup-linux-x64-musl@4.38.0":
  version "4.38.0"
  resolved "https://registry.yarnpkg.com/@rollup/rollup-linux-x64-musl/-/rollup-linux-x64-musl-4.38.0.tgz#520c2a8547672ec6c56a6833f6d38e9380d63dc7"
  integrity sha512-q5Zv+goWvQUGCaL7fU8NuTw8aydIL/C9abAVGCzRReuj5h30TPx4LumBtAidrVOtXnlB+RZkBtExMsfqkMfb8g==

"@rollup/rollup-win32-arm64-msvc@4.38.0":
  version "4.38.0"
  resolved "https://registry.yarnpkg.com/@rollup/rollup-win32-arm64-msvc/-/rollup-win32-arm64-msvc-4.38.0.tgz#d27ab565009357014c9f2d6393ee58bd63a63cb8"
  integrity sha512-u/Jbm1BU89Vftqyqbmxdq14nBaQjQX1HhmsdBWqSdGClNaKwhjsg5TpW+5Ibs1mb8Es9wJiMdl86BcmtUVXNZg==

"@rollup/rollup-win32-ia32-msvc@4.38.0":
  version "4.38.0"
  resolved "https://registry.yarnpkg.com/@rollup/rollup-win32-ia32-msvc/-/rollup-win32-ia32-msvc-4.38.0.tgz#6c02847c60fcc7a6d74e00a60f350d079558d84d"
  integrity sha512-mqu4PzTrlpNHHbu5qleGvXJoGgHpChBlrBx/mEhTPpnAL1ZAYFlvHD7rLK839LLKQzqEQMFJfGrrOHItN4ZQqA==

"@rollup/rollup-win32-x64-msvc@4.38.0":
  version "4.38.0"
  resolved "https://registry.yarnpkg.com/@rollup/rollup-win32-x64-msvc/-/rollup-win32-x64-msvc-4.38.0.tgz#38197da22c1af7b6b5d1cc7541757379193b8e83"
  integrity sha512-jjqy3uWlecfB98Psxb5cD6Fny9Fupv9LrDSPTQZUROqjvZmcCqNu4UMl7qqhlUUGpwiAkotj6GYu4SZdcr/nLw==

"@tanstack/react-virtual@3.0.0-beta.54":
  version "3.0.0-beta.54"
  resolved "https://registry.yarnpkg.com/@tanstack/react-virtual/-/react-virtual-3.0.0-beta.54.tgz#755979455adf13f2584937204a3f38703e446037"
  integrity sha512-D1mDMf4UPbrtHRZZriCly5bXTBMhylslm4dhcHqTtDJ6brQcgGmk8YD9JdWBGWfGSWPKoh2x1H3e7eh+hgPXtQ==
  dependencies:
    "@tanstack/virtual-core" "3.0.0-beta.54"

"@tanstack/virtual-core@3.0.0-beta.54":
  version "3.0.0-beta.54"
  resolved "https://registry.yarnpkg.com/@tanstack/virtual-core/-/virtual-core-3.0.0-beta.54.tgz#12259d007911ad9fce1388385c54a9141f4ecdc4"
  integrity sha512-jtkwqdP2rY2iCCDVAFuaNBH3fiEi29aTn2RhtIoky8DTTiCdc48plpHHreLwmv1PICJ4AJUUESaq3xa8fZH8+g==

"@types/estree@1.0.7":
  version "1.0.7"
  resolved "https://registry.yarnpkg.com/@types/estree/-/estree-1.0.7.tgz#4158d3105276773d5b7695cd4834b1722e4f37a8"
  integrity sha512-w28IoSUCJpidD/TGviZwwMJckNESJZXFu7NBZ5YJ4mEUnNraUn9Pm8HSZm/jDF1pDWYKspWE7oVphigUPRakIQ==

"@types/hoist-non-react-statics@^3.3.1":
  version "3.3.6"
  resolved "https://registry.yarnpkg.com/@types/hoist-non-react-statics/-/hoist-non-react-statics-3.3.6.tgz#6bba74383cdab98e8db4e20ce5b4a6b98caed010"
  integrity sha512-lPByRJUer/iN/xa4qpyL0qmL11DqNW81iU/IG1S3uvRUq4oKagz8VCxZjiWkumgt66YT3vOdDgZ0o32sGKtCEw==
  dependencies:
    "@types/react" "*"
    hoist-non-react-statics "^3.3.0"

"@types/react@*":
  version "19.0.12"
  resolved "https://registry.yarnpkg.com/@types/react/-/react-19.0.12.tgz#338b3f7854adbb784be454b3a83053127af96bd3"
  integrity sha512-V6Ar115dBDrjbtXSrS+/Oruobc+qVbbUxDFC1RSbRqLt5SYvxxyIDrSC85RWml54g+jfNeEMZhEj7wW07ONQhA==
  dependencies:
    csstype "^3.0.2"

aria-hidden@^1.2.2:
  version "1.2.4"
  resolved "https://registry.yarnpkg.com/aria-hidden/-/aria-hidden-1.2.4.tgz#b78e383fdbc04d05762c78b4a25a501e736c4522"
  integrity sha512-y+CcFFwelSXpLZk/7fMB2mUbGtX9lKycf1MWJ7CaTIERyitVlyQx6C+sxcROU2BAJ24OiZyK+8wj2i8AlBoS3A==
  dependencies:
    tslib "^2.0.0"

classnames@^2.2.6:
  version "2.5.1"
  resolved "https://registry.yarnpkg.com/classnames/-/classnames-2.5.1.tgz#ba774c614be0f016da105c858e7159eae8e7687b"
  integrity sha512-saHYOzhIQs6wy2sVxTM6bUDsQO4F50V9RQ22qBpEdCW+I+/Wmke2HOl6lS6dTpdxVhb88/I6+Hs+438c3lfUow==

csstype@^3.0.2:
  version "3.1.3"
  resolved "https://registry.yarnpkg.com/csstype/-/csstype-3.1.3.tgz#d80ff294d114fb0e6ac500fbf85b60137d7eff81"
  integrity sha512-M1uQkMl8rQK/szD0LNhtqxIPLpimGm8sOBwU7lLnCpSbTyY3yeU1Vc7l4KT5zT4s/yOxHH5O7tIuuLOCnLADRw==

dnd-core@^11.1.3:
  version "11.1.3"
  resolved "https://registry.yarnpkg.com/dnd-core/-/dnd-core-11.1.3.tgz#f92099ba7245e49729d2433157031a6267afcc98"
  integrity sha512-QugF55dNW+h+vzxVJ/LSJeTeUw9MCJ2cllhmVThVPEtF16ooBkxj0WBE5RB+AceFxMFo1rO6bJKXtqKl+JNnyA==
  dependencies:
    "@react-dnd/asap" "^4.0.0"
    "@react-dnd/invariant" "^2.0.0"
    redux "^4.0.4"

dom-align@^1.12.2:
  version "1.12.4"
  resolved "https://registry.yarnpkg.com/dom-align/-/dom-align-1.12.4.tgz#3503992eb2a7cfcb2ed3b2a6d21e0b9c00d54511"
  integrity sha512-R8LUSEay/68zE5c8/3BDxiTEvgb4xZTF0RKmAHfiEVN3klfIpXfi2/QCoiWPccVQ0J/ZGdz9OjzL4uJEP/MRAw==

dom-helpers@^5.0.1:
  version "5.2.1"
  resolved "https://registry.yarnpkg.com/dom-helpers/-/dom-helpers-5.2.1.tgz#d9400536b2bf8225ad98fe052e029451ac40e902"
  integrity sha512-nRCa7CK3VTrM2NmGkIy4cbK7IZlgBE/PYMn55rrXefr5xXDP0LdtfPnblFDoVdcAfslJ7or6iqAUnx0CCGIWQA==
  dependencies:
    "@babel/runtime" "^7.8.7"
    csstype "^3.0.2"

esbuild@^0.25.0:
  version "0.25.2"
  resolved "https://registry.yarnpkg.com/esbuild/-/esbuild-0.25.2.tgz#55a1d9ebcb3aa2f95e8bba9e900c1a5061bc168b"
  integrity sha512-16854zccKPnC+toMywC+uKNeYSv+/eXkevRAfwRD/G9Cleq66m8XFIrigkbvauLLlCfDL45Q2cWegSg53gGBnQ==
  optionalDependencies:
    "@esbuild/aix-ppc64" "0.25.2"
    "@esbuild/android-arm" "0.25.2"
    "@esbuild/android-arm64" "0.25.2"
    "@esbuild/android-x64" "0.25.2"
    "@esbuild/darwin-arm64" "0.25.2"
    "@esbuild/darwin-x64" "0.25.2"
    "@esbuild/freebsd-arm64" "0.25.2"
    "@esbuild/freebsd-x64" "0.25.2"
    "@esbuild/linux-arm" "0.25.2"
    "@esbuild/linux-arm64" "0.25.2"
    "@esbuild/linux-ia32" "0.25.2"
    "@esbuild/linux-loong64" "0.25.2"
    "@esbuild/linux-mips64el" "0.25.2"
    "@esbuild/linux-ppc64" "0.25.2"
    "@esbuild/linux-riscv64" "0.25.2"
    "@esbuild/linux-s390x" "0.25.2"
    "@esbuild/linux-x64" "0.25.2"
    "@esbuild/netbsd-arm64" "0.25.2"
    "@esbuild/netbsd-x64" "0.25.2"
    "@esbuild/openbsd-arm64" "0.25.2"
    "@esbuild/openbsd-x64" "0.25.2"
    "@esbuild/sunos-x64" "0.25.2"
    "@esbuild/win32-arm64" "0.25.2"
    "@esbuild/win32-ia32" "0.25.2"
    "@esbuild/win32-x64" "0.25.2"

fast-json-stable-stringify@^2.1.0:
  version "2.1.0"
  resolved "https://registry.yarnpkg.com/fast-json-stable-stringify/-/fast-json-stable-stringify-2.1.0.tgz#874bf69c6f404c2b5d99c481341399fd55892633"
  integrity sha512-lhd/wF+Lk98HZoTCtlVraHtfh5XYijIjalXck7saUtuanSDyLMxnHhSXEDJqHxD7msR8D0uCmqlkwjCV8xvwHw==

fsevents@~2.3.2, fsevents@~2.3.3:
  version "2.3.3"
  resolved "https://registry.yarnpkg.com/fsevents/-/fsevents-2.3.3.tgz#cac6407785d03675a2a5e1a5305c697b347d90d6"
  integrity sha512-5xoDfX+fL7faATnagmWPpbFtwh/R77WmMMqqHGS65C3vvB0YHrgF+B1YmZ3441tMj5n63k0212XNoJwzlhffQw==

fuzzy@^0.1.3:
  version "0.1.3"
  resolved "https://registry.yarnpkg.com/fuzzy/-/fuzzy-0.1.3.tgz#4c76ec2ff0ac1a36a9dccf9a00df8623078d4ed8"
  integrity sha512-/gZffu4ykarLrCiP3Ygsa86UAo1E5vEVlvTrpkKywXSbP9Xhln3oSp9QSV57gEq3JFFpGJ4GZ+5zdEp3FcUh4w==

hoist-non-react-statics@^3.3.0:
  version "3.3.2"
  resolved "https://registry.yarnpkg.com/hoist-non-react-statics/-/hoist-non-react-statics-3.3.2.tgz#ece0acaf71d62c2969c2ec59feff42a4b1a85b45"
  integrity sha512-/gGivxi8JPKWNm/W0jSmzcMPpfpPLc3dY/6GxhX2hQ9iGj3aDfklV4ET7NjKpSinLpJ5vafa9iiGIEZg10SfBw==
  dependencies:
    react-is "^16.7.0"

"js-tokens@^3.0.0 || ^4.0.0":
  version "4.0.0"
  resolved "https://registry.yarnpkg.com/js-tokens/-/js-tokens-4.0.0.tgz#19203fb59991df98e3a287050d4647cdeaf32499"
  integrity sha512-RdJUflcE3cUzKiMqQgsCu06FPu9UdIJO0beYbPhHN4k6apgJtifcoCtT9bcxOpYBtpD2kCM6Sbzg4CausW/PKQ==

loose-envify@^1.0.0, loose-envify@^1.1.0, loose-envify@^1.4.0:
  version "1.4.0"
  resolved "https://registry.yarnpkg.com/loose-envify/-/loose-envify-1.4.0.tgz#71ee51fa7be4caec1a63839f7e682d8132d30caf"
  integrity sha512-lyuxPGr/Wfhrlem2CL/UcnUc1zcqKAImBDzukY7Y5F/yQiNdko6+fRLevlw1HgMySw7f611UIY408EtxRSoK3Q==
  dependencies:
    js-tokens "^3.0.0 || ^4.0.0"

nanoid@^3.3.8:
  version "3.3.11"
  resolved "https://registry.yarnpkg.com/nanoid/-/nanoid-3.3.11.tgz#4f4f112cefbe303202f2199838128936266d185b"
  integrity sha512-N8SpfPUnUp1bK+PMYW8qSWdl9U+wwNWI4QKxOYDy9JAro3WMX7p2OeVRF9v+347pnakNevPmiHhNmZ2HbFA76w==

object-assign@^4.1.1:
  version "4.1.1"
  resolved "https://registry.yarnpkg.com/object-assign/-/object-assign-4.1.1.tgz#2109adc7965887cfc05cbbd442cac8bfbb360863"
  integrity sha512-rJgTQnkUnH1sFw8yT6VSU3zD3sWmu6sZhIseY8VX+GRu3P6F7Fu+JNDoXfklElbLJSnc3FUQHVe4cU5hj+BcUg==

picocolors@^1.1.1:
  version "1.1.1"
  resolved "https://registry.yarnpkg.com/picocolors/-/picocolors-1.1.1.tgz#3d321af3eab939b083c8f929a1d12cda81c26b6b"
  integrity sha512-xceH2snhtb5M9liqDsmEw56le376mTZkEX/jEb/RxNFyegNul7eNslCXP9FDj/Lcu0X8KEyMceP2ntpaHrDEVA==

postcss@^8.5.3:
  version "8.5.3"
  resolved "https://registry.yarnpkg.com/postcss/-/postcss-8.5.3.tgz#1463b6f1c7fb16fe258736cba29a2de35237eafb"
  integrity sha512-dle9A3yYxlBSrt8Fu+IpjGT8SY8hN0mlaA6GY8t0P5PjIOZemULz/E2Bnm/2dcUOena75OTNkHI76uZBNUUq3A==
  dependencies:
    nanoid "^3.3.8"
    picocolors "^1.1.1"
    source-map-js "^1.2.1"

prop-types@^15.6.2:
  version "15.8.1"
  resolved "https://registry.yarnpkg.com/prop-types/-/prop-types-15.8.1.tgz#67d87bf1a694f48435cf332c24af10214a3140b5"
  integrity sha512-oj87CgZICdulUohogVAR7AjlC0327U4el4L6eAvOqCeudMDVU0NThNaV+b9Df4dXgSP1gXMTnPdhfe/2qDH5cg==
  dependencies:
    loose-envify "^1.4.0"
    object-assign "^4.1.1"
    react-is "^16.13.1"

react-dnd-html5-backend@^11.1.1:
  version "11.1.3"
  resolved "https://registry.yarnpkg.com/react-dnd-html5-backend/-/react-dnd-html5-backend-11.1.3.tgz#2749f04f416ec230ea193f5c1fbea2de7dffb8f7"
  integrity sha512-/1FjNlJbW/ivkUxlxQd7o3trA5DE33QiRZgxent3zKme8DwF4Nbw3OFVhTRFGaYhHFNL1rZt6Rdj1D78BjnNLw==
  dependencies:
    dnd-core "^11.1.3"

react-dnd@^11.1.1:
  version "11.1.3"
  resolved "https://registry.yarnpkg.com/react-dnd/-/react-dnd-11.1.3.tgz#f9844f5699ccc55dfc81462c2c19f726e670c1af"
  integrity sha512-8rtzzT8iwHgdSC89VktwhqdKKtfXaAyC4wiqp0SywpHG12TTLvfOoL6xNEIUWXwIEWu+CFfDn4GZJyynCEuHIQ==
  dependencies:
    "@react-dnd/shallowequal" "^2.0.0"
    "@types/hoist-non-react-statics" "^3.3.1"
    dnd-core "^11.1.3"
    hoist-non-react-statics "^3.3.0"

react-dom@16.12.0:
  version "16.12.0"
  resolved "https://registry.yarnpkg.com/react-dom/-/react-dom-16.12.0.tgz#0da4b714b8d13c2038c9396b54a92baea633fe11"
  integrity sha512-LMxFfAGrcS3kETtQaCkTKjMiifahaMySFDn71fZUNpPHZQEzmk/GiAeIT8JSOrHB23fnuCOMruL2a8NYlw+8Gw==
  dependencies:
    loose-envify "^1.1.0"
    object-assign "^4.1.1"
    prop-types "^15.6.2"
    scheduler "^0.18.0"

react-is@^16.13.1, react-is@^16.7.0:
  version "16.13.1"
  resolved "https://registry.yarnpkg.com/react-is/-/react-is-16.13.1.tgz#789729a4dc36de2999dc156dd6c1d9c18cea56a4"
  integrity sha512-24e6ynE2H+OKt4kqsOvNd8kBpV65zoxbA4BVsEOB3ARVWQki/DHzaUoC5KuON/BiccDaCCTZBuOcfZs70kR8bQ==

react-transition-group@^4.4.1:
  version "4.4.5"
  resolved "https://registry.yarnpkg.com/react-transition-group/-/react-transition-group-4.4.5.tgz#e53d4e3f3344da8521489fbef8f2581d42becdd1"
  integrity sha512-pZcd1MCJoiKiBR2NRxeCRg13uCXbydPnmB4EOeRrY7480qNWO8IIgQG6zlDkm6uRMsURXPuKq0GWtiM59a5Q6g==
  dependencies:
    "@babel/runtime" "^7.5.5"
    dom-helpers "^5.0.1"
    loose-envify "^1.4.0"
    prop-types "^15.6.2"

react@16.12.0:
  version "16.12.0"
  resolved "https://registry.yarnpkg.com/react/-/react-16.12.0.tgz#0c0a9c6a142429e3614834d5a778e18aa78a0b83"
  integrity sha512-fglqy3k5E+81pA8s+7K0/T3DBCF0ZDOher1elBFzF7O6arXJgzyu/FW+COxFvAWXJoJN9KIZbT2LXlukwphYTA==
  dependencies:
    loose-envify "^1.1.0"
    object-assign "^4.1.1"
    prop-types "^15.6.2"

redux@^4.0.4:
  version "4.2.1"
  resolved "https://registry.yarnpkg.com/redux/-/redux-4.2.1.tgz#c08f4306826c49b5e9dc901dee0452ea8fce6197"
  integrity sha512-LAUYz4lc+Do8/g7aeRa8JkyDErK6ekstQaqWQrNRW//MY1TvCEpMtpTWvlQ+FPbWCx+Xixu/6SHt5N0HR+SB4w==
  dependencies:
    "@babel/runtime" "^7.9.2"

regenerator-runtime@^0.14.0:
  version "0.14.1"
  resolved "https://registry.yarnpkg.com/regenerator-runtime/-/regenerator-runtime-0.14.1.tgz#356ade10263f685dda125100cd862c1db895327f"
  integrity sha512-dYnhHh0nJoMfnkZs6GmmhFknAGRrLznOu5nc9ML+EJxGvrx6H7teuevqVqCuPcPK//3eDrrjQhehXVx9cnkGdw==

rollup@^4.30.1:
  version "4.38.0"
  resolved "https://registry.yarnpkg.com/rollup/-/rollup-4.38.0.tgz#e1ef4939aef0e1295f750ae4f73d1c8b7fc3abb8"
  integrity sha512-5SsIRtJy9bf1ErAOiFMFzl64Ex9X5V7bnJ+WlFMb+zmP459OSWCEG7b0ERZ+PEU7xPt4OG3RHbrp1LJlXxYTrw==
  dependencies:
    "@types/estree" "1.0.7"
  optionalDependencies:
    "@rollup/rollup-android-arm-eabi" "4.38.0"
    "@rollup/rollup-android-arm64" "4.38.0"
    "@rollup/rollup-darwin-arm64" "4.38.0"
    "@rollup/rollup-darwin-x64" "4.38.0"
    "@rollup/rollup-freebsd-arm64" "4.38.0"
    "@rollup/rollup-freebsd-x64" "4.38.0"
    "@rollup/rollup-linux-arm-gnueabihf" "4.38.0"
    "@rollup/rollup-linux-arm-musleabihf" "4.38.0"
    "@rollup/rollup-linux-arm64-gnu" "4.38.0"
    "@rollup/rollup-linux-arm64-musl" "4.38.0"
    "@rollup/rollup-linux-loongarch64-gnu" "4.38.0"
    "@rollup/rollup-linux-powerpc64le-gnu" "4.38.0"
    "@rollup/rollup-linux-riscv64-gnu" "4.38.0"
    "@rollup/rollup-linux-riscv64-musl" "4.38.0"
    "@rollup/rollup-linux-s390x-gnu" "4.38.0"
    "@rollup/rollup-linux-x64-gnu" "4.38.0"
    "@rollup/rollup-linux-x64-musl" "4.38.0"
    "@rollup/rollup-win32-arm64-msvc" "4.38.0"
    "@rollup/rollup-win32-ia32-msvc" "4.38.0"
    "@rollup/rollup-win32-x64-msvc" "4.38.0"
    fsevents "~2.3.2"

scheduler@^0.18.0:
  version "0.18.0"
  resolved "https://registry.yarnpkg.com/scheduler/-/scheduler-0.18.0.tgz#5901ad6659bc1d8f3fdaf36eb7a67b0d6746b1c4"
  integrity sha512-agTSHR1Nbfi6ulI0kYNK0203joW2Y5W4po4l+v03tOoiJKpTBbxpNhWDvqc/4IcOw+KLmSiQLTasZ4cab2/UWQ==
  dependencies:
    loose-envify "^1.1.0"
    object-assign "^4.1.1"

source-map-js@^1.2.1:
  version "1.2.1"
  resolved "https://registry.yarnpkg.com/source-map-js/-/source-map-js-1.2.1.tgz#1ce5650fddd87abc099eda37dcff024c2667ae46"
  integrity sha512-UXWMKhLOwVKb728IUtQPXxfYU+usdybtUrK/8uGE8CQMvrhOpwvzDBwj0QhSL7MQc7vIsISBG8VQ8+IDQxpfQA==

tslib@^2.0.0:
  version "2.8.1"
  resolved "https://registry.yarnpkg.com/tslib/-/tslib-2.8.1.tgz#612efe4ed235d567e8aba5f2a5fab70280ade83f"
  integrity sha512-oJFu94HQb+KVduSUQL7wnpmqnfmLsOA/nAh6b6EH0wCEoK0/mPeXU6c3wKDV83MkOuHPRHtSXKKU99IBazS/2w==

vite@^6.1.1:
  version "6.2.4"
  resolved "https://registry.yarnpkg.com/vite/-/vite-6.2.4.tgz#05809de3f918fded87f73a838761995a4d66a680"
  integrity sha512-veHMSew8CcRzhL5o8ONjy8gkfmFJAd5Ac16oxBUjlwgX3Gq2Wqr+qNC3TjPIpy7TPV/KporLga5GT9HqdrCizw==
  dependencies:
    esbuild "^0.25.0"
    postcss "^8.5.3"
    rollup "^4.30.1"
  optionalDependencies:
    fsevents "~2.3.3"

warning@^4.0.3:
  version "4.0.3"
  resolved "https://registry.yarnpkg.com/warning/-/warning-4.0.3.tgz#16e9e077eb8a86d6af7d64aa1e05fd85b4678ca3"
  integrity sha512-rpJyN222KWIvHJ/F53XSZv0Zl/accqHR8et1kpaMTD/fLCRxtV8iX8czMzY7sVZupTI3zcUTg8eycS2kNF9l6w==
  dependencies:
    loose-envify "^1.0.0"
